
Microsoft Visual Studio Solution File, Format Version 12.00
# Visual Studio Version 16
VisualStudioVersion = 16.0.31702.278
MinimumVisualStudioVersion = 10.0.40219.1
Project("{FAE04EC0-301F-11D3-BF4B-00C04F79EFBC}") = "formulário3", "formulário3\formulário3.csproj", "{DF322497-0EF6-484D-B08B-A9AEF0447696}"
EndProject
Global
	GlobalSection(SolutionConfigurationPlatforms) = preSolution
		Debug|Any CPU = Debug|Any CPU
		Release|Any CPU = Release|Any CPU
	EndGlobalSection
	GlobalSection(ProjectConfigurationPlatforms) = postSolution
		{DF322497-0EF6-484D-B08B-A9AEF0447696}.Debug|Any CPU.ActiveCfg = Debug|Any CPU
		{DF322497-0EF6-484D-B08B-A9AEF0447696}.Debug|Any CPU.Build.0 = Debug|Any CPU
		{DF322497-0EF6-484D-B08B-A9AEF0447696}.Release|Any CPU.ActiveCfg = Release|Any CPU
		{DF322497-0EF6-484D-B08B-A9AEF0447696}.Release|Any CPU.Build.0 = Release|Any CPU
	EndGlobalSection
	GlobalSection(SolutionProperties) = preSolution
		HideSolutionNode = FALSE
	EndGlobalSection
	GlobalSection(ExtensibilityGlobals) = postSolution
		SolutionGuid = {045A7FBC-304A-47A4-954E-49A3B05BA9A9}
	EndGlobalSection
EndGlobal
